{
  "name": "test",
  "lockfileVersion": 3,
  "requires": true,
  "packages": {
    "": {
      "dependencies": {
        "genbaneko": "^2.1.3"
      }
    },
    "node_modules/commander": {
      "version": "9.5.0",
      "resolved": "https://registry.npmjs.org/commander/-/commander-9.5.0.tgz",
      "integrity": "sha512-KRs7WVDKg86PWiuAqhDrAQnTXZKraVcCc6vFdL14qrZ/DcWwuRo7VoiYXalXO7S5GKpqYiVEwCbgFDfxNHKJBQ==",
      "engines": {
        "node": "^12.20.0 || >=14"
      }
    },
    "node_modules/cowsayjs": {
      "version": "1.2.3",
      "resolved": "https://registry.npmjs.org/cowsayjs/-/cowsayjs-1.2.3.tgz",
      "integrity": "sha512-4gE63ImpzRfrnoDAZ0oBSiLGQ4rBM6cm7NdtEy7m0MXDk0uPzhcjAU8F5zALJwTFvPIFb/MfztQP5FTMcg96JA==",
      "deprecated": "Version no longer supported. Upgrade to @latest",
      "bin": {
        "cowsayjs": "cli/cowsay.js",
        "cowthinkjs": "cli/cowthink.js",
        "moojs": "cli/moo.js"
      },
      "engines": {
        "node": "*"
      }
    },
    "node_modules/genbaneko": {
      "version": "2.1.3",
      "resolved": "https://registry.npmjs.org/genbaneko/-/genbaneko-2.1.3.tgz",
      "integrity": "sha512-NQ0Rztnh7lVcp3TaG0ZwNSHb0qJH6TPTvrjImvRzS00g8oPuxFSpCPigRN25YqQEsGNWgEt4s2clDZp4bEbgJw==",
      "dependencies": {
        "commander": "^9.4.0",
        "cowsayjs": "^1.0.7"
      },
      "bin": {
        "genbaneko": "bin/index.js"
      },
      "engines": {
        "node": ">=14"
      }
    }
  }
}
